
Microsoft Visual Studio Solution File, Format Version 12.00
# Visual Studio 15
VisualStudioVersion = 15.0.25807.0
MinimumVisualStudioVersion = 10.0.40219.1
Project("{2150E333-8FDC-42A3-9474-1A3956D46DE8}") = "Engine", "Engine", "{1FDC4620-53BA-48B5-98A7-0835408BD017}"
EndProject
Project("{2150E333-8FDC-42A3-9474-1A3956D46DE8}") = "Games", "Games", "{D387FDDF-0322-4572-B59B-E2BA18B3205E}"
EndProject
Project("{8BC9CEB8-8B4A-11D0-8D11-00A0C91BC942}") = "UE4", "Intermediate\ProjectFiles\UE4.vcxproj", "{8AB7C5C5-0789-461B-99D3-9C63B9F968A2}"
EndProject
Project("{8BC9CEB8-8B4A-11D0-8D11-00A0C91BC942}") = "Dodgeball", "Intermediate\ProjectFiles\Dodgeball.vcxproj", "{562370C0-26E4-4F3E-BD43-D16DCB5B7B16}"
EndProject
Project("{2150E333-8FDC-42A3-9474-1A3956D46DE8}") = "Visualizers", "Visualizers", "{3BCE61B1-4608-4DC1-86E0-A6651609E0CC}"
	ProjectSection(SolutionItems) = preProject
		..\..\..\..\..\Program Files\Epic Games\UE_4.24\Engine\Extras\VisualStudioDebugging\UE4.natvis = ..\..\..\..\..\Program Files\Epic Games\UE_4.24\Engine\Extras\VisualStudioDebugging\UE4.natvis
	EndProjectSection
EndProject
Global
	GlobalSection(SolutionConfigurationPlatforms) = preSolution
		DebugGame Editor|Win32 = DebugGame Editor|Win32
		DebugGame Editor|Win64 = DebugGame Editor|Win64
		DebugGame|Win32 = DebugGame|Win32
		DebugGame|Win64 = DebugGame|Win64
		Development Editor|Win32 = Development Editor|Win32
		Development Editor|Win64 = Development Editor|Win64
		Development|Win32 = Development|Win32
		Development|Win64 = Development|Win64
		Shipping|Win32 = Shipping|Win32
		Shipping|Win64 = Shipping|Win64
	EndGlobalSection
	GlobalSection(ProjectConfigurationPlatforms) = postSolution
		{8AB7C5C5-0789-461B-99D3-9C63B9F968A2}.DebugGame Editor|Win32.ActiveCfg = BuiltWithUnrealBuildTool|Win32
		{8AB7C5C5-0789-461B-99D3-9C63B9F968A2}.DebugGame Editor|Win64.ActiveCfg = BuiltWithUnrealBuildTool|Win32
		{8AB7C5C5-0789-461B-99D3-9C63B9F968A2}.DebugGame|Win32.ActiveCfg = BuiltWithUnrealBuildTool|Win32
		{8AB7C5C5-0789-461B-99D3-9C63B9F968A2}.DebugGame|Win64.ActiveCfg = BuiltWithUnrealBuildTool|Win32
		{8AB7C5C5-0789-461B-99D3-9C63B9F968A2}.Development Editor|Win32.ActiveCfg = BuiltWithUnrealBuildTool|Win32
		{8AB7C5C5-0789-461B-99D3-9C63B9F968A2}.Development Editor|Win64.ActiveCfg = BuiltWithUnrealBuildTool|Win32
		{8AB7C5C5-0789-461B-99D3-9C63B9F968A2}.Development|Win32.ActiveCfg = BuiltWithUnrealBuildTool|Win32
		{8AB7C5C5-0789-461B-99D3-9C63B9F968A2}.Development|Win64.ActiveCfg = BuiltWithUnrealBuildTool|Win32
		{8AB7C5C5-0789-461B-99D3-9C63B9F968A2}.Shipping|Win32.ActiveCfg = BuiltWithUnrealBuildTool|Win32
		{8AB7C5C5-0789-461B-99D3-9C63B9F968A2}.Shipping|Win64.ActiveCfg = BuiltWithUnrealBuildTool|Win32
		{562370C0-26E4-4F3E-BD43-D16DCB5B7B16}.DebugGame Editor|Win32.ActiveCfg = Invalid|Win32
		{562370C0-26E4-4F3E-BD43-D16DCB5B7B16}.DebugGame Editor|Win64.ActiveCfg = DebugGame_Editor|x64
		{562370C0-26E4-4F3E-BD43-D16DCB5B7B16}.DebugGame Editor|Win64.Build.0 = DebugGame_Editor|x64
		{562370C0-26E4-4F3E-BD43-D16DCB5B7B16}.DebugGame|Win32.ActiveCfg = DebugGame|Win32
		{562370C0-26E4-4F3E-BD43-D16DCB5B7B16}.DebugGame|Win32.Build.0 = DebugGame|Win32
		{562370C0-26E4-4F3E-BD43-D16DCB5B7B16}.DebugGame|Win64.ActiveCfg = DebugGame|x64
		{562370C0-26E4-4F3E-BD43-D16DCB5B7B16}.DebugGame|Win64.Build.0 = DebugGame|x64
		{562370C0-26E4-4F3E-BD43-D16DCB5B7B16}.Development Editor|Win32.ActiveCfg = Invalid|Win32
		{562370C0-26E4-4F3E-BD43-D16DCB5B7B16}.Development Editor|Win64.ActiveCfg = Development_Editor|x64
		{562370C0-26E4-4F3E-BD43-D16DCB5B7B16}.Development Editor|Win64.Build.0 = Development_Editor|x64
		{562370C0-26E4-4F3E-BD43-D16DCB5B7B16}.Development|Win32.ActiveCfg = Development|Win32
		{562370C0-26E4-4F3E-BD43-D16DCB5B7B16}.Development|Win32.Build.0 = Development|Win32
		{562370C0-26E4-4F3E-BD43-D16DCB5B7B16}.Development|Win64.ActiveCfg = Development|x64
		{562370C0-26E4-4F3E-BD43-D16DCB5B7B16}.Development|Win64.Build.0 = Development|x64
		{562370C0-26E4-4F3E-BD43-D16DCB5B7B16}.Shipping|Win32.ActiveCfg = Shipping|Win32
		{562370C0-26E4-4F3E-BD43-D16DCB5B7B16}.Shipping|Win32.Build.0 = Shipping|Win32
		{562370C0-26E4-4F3E-BD43-D16DCB5B7B16}.Shipping|Win64.ActiveCfg = Shipping|x64
		{562370C0-26E4-4F3E-BD43-D16DCB5B7B16}.Shipping|Win64.Build.0 = Shipping|x64
	EndGlobalSection
	GlobalSection(SolutionProperties) = preSolution
		HideSolutionNode = FALSE
	EndGlobalSection
	GlobalSection(NestedProjects) = preSolution
		{8AB7C5C5-0789-461B-99D3-9C63B9F968A2} = {1FDC4620-53BA-48B5-98A7-0835408BD017}
		{562370C0-26E4-4F3E-BD43-D16DCB5B7B16} = {D387FDDF-0322-4572-B59B-E2BA18B3205E}
	EndGlobalSection
EndGlobal
